
Microsoft Visual Studio Solution File, Format Version 12.00
# Visual Studio Version 17
VisualStudioVersion = 17.3.32825.248
MinimumVisualStudioVersion = 10.0.40219.1
Project("{FAE04EC0-301F-11D3-BF4B-00C04F79EFBC}") = "Bmi Calc", "Bmi Calc\Bmi Calc.csproj", "{40F18760-F535-47FA-8847-73148F422D5A}"
EndProject
Global
	GlobalSection(SolutionConfigurationPlatforms) = preSolution
		Debug|Any CPU = Debug|Any CPU
		Release|Any CPU = Release|Any CPU
	EndGlobalSection
	GlobalSection(ProjectConfigurationPlatforms) = postSolution
		{40F18760-F535-47FA-8847-73148F422D5A}.Debug|Any CPU.ActiveCfg = Debug|Any CPU
		{40F18760-F535-47FA-8847-73148F422D5A}.Debug|Any CPU.Build.0 = Debug|Any CPU
		{40F18760-F535-47FA-8847-73148F422D5A}.Release|Any CPU.ActiveCfg = Release|Any CPU
		{40F18760-F535-47FA-8847-73148F422D5A}.Release|Any CPU.Build.0 = Release|Any CPU
	EndGlobalSection
	GlobalSection(SolutionProperties) = preSolution
		HideSolutionNode = FALSE
	EndGlobalSection
	GlobalSection(ExtensibilityGlobals) = postSolution
		SolutionGuid = {7A8A67F6-F6F0-4C23-B9A6-C5E55ADC3993}
	EndGlobalSection
EndGlobal
